{
  "nodes": {
    "fenix": {
      "inputs": {
        "nixpkgs": [
          "nixpkgs"
        ],
        "rust-analyzer-src": "rust-analyzer-src"
      },
      "locked": {
        "lastModified": 1771052630,
        "narHash": "sha256-R/52n/XyyWHYL1Mw0Q0GFF/nxyRyaE8gkLyfvi+ebxU=",
        "owner": "nix-community",
        "repo": "fenix",
        "rev": "d0555da98576b8611c25df0c208e51e9a182d95f",
        "type": "github"
      },
      "original": {
        "owner": "nix-community",
        "repo": "fenix",
        "type": "github"
      }
    },
    "nixpkgs": {
      "locked": {
        "lastModified": 1770843696,
        "narHash": "sha256-LovWTGDwXhkfCOmbgLVA10bvsi/P8eDDpRudgk68HA8=",
        "owner": "NixOS",
        "repo": "nixpkgs",
        "rev": "2343bbb58f99267223bc2aac4fc9ea301a155a16",
        "type": "github"
      },
      "original": {
        "owner": "NixOS",
        "ref": "nixpkgs-unstable",
        "repo": "nixpkgs",
        "type": "github"
      }
    },
    "root": {
      "inputs": {
        "fenix": "fenix",
        "nixpkgs": "nixpkgs"
      }
    },
    "rust-analyzer-src": {
      "flake": false,
      "locked": {
        "lastModified": 1771007332,
        "narHash": "sha256-K5Ym2R9oXBBAew2DfIC/dVjjkYo7nB5DbRGb5a3Fkq8=",
        "owner": "rust-lang",
        "repo": "rust-analyzer",
        "rev": "bbc84d335fbbd9b3099d3e40c7469ee57dbd1873",
        "type": "github"
      },
      "original": {
        "owner": "rust-lang",
        "ref": "nightly",
        "repo": "rust-analyzer",
        "type": "github"
      }
    }
  },
  "root": "root",
  "version": 7
}
