# This file is automatically @generated by Cargo.
# It is not intended for manual editing.
version = 3

[[package]]
name = "alloy-consensus"
version = "0.11.1"
source = "registry+https://github.com/rust-lang/crates.io-index"
checksum = "69e32ef5c74bbeb1733c37f4ac7f866f8c8af208b7b4265e21af609dcac5bd5e"
dependencies = [
 "alloy-eips",
 "alloy-primitives",
 "alloy-rlp",
 "alloy-serde",
 "alloy-trie",
 "auto_impl",
 "derive_more",
 "serde",
]

[[package]]
name = "alloy-consensus-any"
version = "0.11.1"
source = "registry+https://github.com/rust-lang/crates.io-index"
checksum = "0fa13b7b1e1e3fedc42f0728103bfa3b4d566d3d42b606db449504d88dbdbdcf"
dependencies = [
 "alloy-consensus",
 "alloy-eips",
 "alloy-primitives",
 "alloy-rlp",
 "alloy-serde",
 "serde",
]

[[package]]
name = "alloy-eip2124"
version = "0.1.0"
source = "registry+https://github.com/rust-lang/crates.io-index"
checksum = "675264c957689f0fd75f5993a73123c2cc3b5c235a38f5b9037fe6c826bfb2c0"
dependencies = [
 "alloy-primitives",
 "alloy-rlp",
 "crc",
 "thiserror",
]

[[package]]
name = "alloy-eip2930"
version = "0.1.0"
source = "registry+https://github.com/rust-lang/crates.io-index"
checksum = "0069cf0642457f87a01a014f6dc29d5d893cd4fd8fddf0c3cdfad1bb3ebafc41"
dependencies = [
 "alloy-primitives",
 "alloy-rlp",
 "serde",
]

[[package]]
name = "alloy-eip7702"
version = "0.5.0"
source = "registry+https://github.com/rust-lang/crates.io-index"
checksum = "cabf647eb4650c91a9d38cb6f972bb320009e7e9d61765fb688a86f1563b33e8"
dependencies = [
 "alloy-primitives",
 "alloy-rlp",
 "derive_more",
 "serde",
]

[[package]]
name = "alloy-eips"
version = "0.11.1"
source = "registry+https://github.com/rust-lang/crates.io-index"
checksum = "5591581ca2ab0b3e7226a4047f9a1bfcf431da1d0cce3752fda609fea3c27e37"
dependencies = [
 "alloy-eip2124",
 "alloy-eip2930",
 "alloy-eip7702",
 "alloy-primitives",
 "alloy-rlp",
 "alloy-serde",
 "auto_impl",
 "c-kzg",
 "derive_more",
 "serde",
 "sha2",
]

[[package]]
name = "alloy-network-primitives"
version = "0.11.1"
source = "registry+https://github.com/rust-lang/crates.io-index"
checksum = "3a00ce618ae2f78369918be0c20f620336381502c83b6ed62c2f7b2db27698b0"
dependencies = [
 "alloy-consensus",
 "alloy-eips",
 "alloy-primitives",
 "alloy-serde",
 "serde",
]

[[package]]
name = "alloy-primitives"
version = "0.8.21"
source = "registry+https://github.com/rust-lang/crates.io-index"
checksum = "478bedf4d24e71ea48428d1bc278553bd7c6ae07c30ca063beb0b09fe58a9e74"
dependencies = [
 "alloy-rlp",
 "bytes",
 "cfg-if",
 "const-hex",
 "derive_more",
 "hashbrown",
 "indexmap",
 "itoa",
 "paste",
 "rand",
 "ruint",
 "serde",
 "tiny-keccak",
]

[[package]]
name = "alloy-rlp"
version = "0.3.11"
source = "registry+https://github.com/rust-lang/crates.io-index"
checksum = "3d6c1d995bff8d011f7cd6c81820d51825e6e06d6db73914c1630ecf544d83d6"
dependencies = [
 "alloy-rlp-derive",
 "arrayvec",
 "bytes",
]

[[package]]
name = "alloy-rlp-derive"
version = "0.3.11"
source = "registry+https://github.com/rust-lang/crates.io-index"
checksum = "a40e1ef334153322fd878d07e86af7a529bcb86b2439525920a88eba87bcf943"
dependencies = [
 "proc-macro2",
 "quote",
 "syn",
]

[[package]]
name = "alloy-rpc-types-any"
version = "0.11.1"
dependencies = [
 "alloy-consensus-any",
 "alloy-primitives",
 "alloy-rpc-types-eth",
 "alloy-serde",
 "serde",
 "serde_json",
]

[[package]]
name = "alloy-rpc-types-eth"
version = "0.11.1"
source = "registry+https://github.com/rust-lang/crates.io-index"
checksum = "8b4dbee4d82f8a22dde18c28257bed759afeae7ba73da4a1479a039fd1445d04"
dependencies = [
 "alloy-consensus",
 "alloy-consensus-any",
 "alloy-eips",
 "alloy-network-primitives",
 "alloy-primitives",
 "alloy-rlp",
 "alloy-serde",
 "alloy-sol-types",
 "itertools",
 "serde",
 "serde_json",
 "thiserror",
]

[[package]]
name = "alloy-serde"
version = "0.11.1"
source = "registry+https://github.com/rust-lang/crates.io-index"
checksum = "8732058f5ca28c1d53d241e8504620b997ef670315d7c8afab856b3e3b80d945"
dependencies = [
 "alloy-primitives",
 "serde",
 "serde_json",
]

[[package]]
name = "alloy-sol-macro"
version = "0.8.21"
source = "registry+https://github.com/rust-lang/crates.io-index"
checksum = "a2708e27f58d747423ae21d31b7a6625159bd8d867470ddd0256f396a68efa11"
dependencies = [
 "alloy-sol-macro-expander",
 "alloy-sol-macro-input",
 "proc-macro-error2",
 "proc-macro2",
 "quote",
 "syn",
]

[[package]]
name = "alloy-sol-macro-expander"
version = "0.8.21"
source = "registry+https://github.com/rust-lang/crates.io-index"
checksum = "c6b7984d7e085dec382d2c5ef022b533fcdb1fe6129200af30ebf5afddb6a361"
dependencies = [
 "alloy-sol-macro-input",
 "const-hex",
 "heck",
 "indexmap",
 "proc-macro-error2",
 "proc-macro2",
 "quote",
 "syn",
 "syn-solidity",
 "tiny-keccak",
]

[[package]]
name = "alloy-sol-macro-input"
version = "0.8.21"
source = "registry+https://github.com/rust-lang/crates.io-index"
checksum = "33d6a9fc4ed1a3c70bdb2357bec3924551c1a59f24e5a04a74472c755b37f87d"
dependencies = [
 "const-hex",
 "dunce",
 "heck",
 "proc-macro2",
 "quote",
 "syn",
 "syn-solidity",
]

[[package]]
name = "alloy-sol-types"
version = "0.8.21"
source = "registry+https://github.com/rust-lang/crates.io-index"
checksum = "6044800da35c38118fd4b98e18306bd3b91af5dedeb54c1b768cf1b4fb68f549"
dependencies = [
 "alloy-primitives",
 "alloy-sol-macro",
 "const-hex",
]

[[package]]
name = "alloy-trie"
version = "0.7.9"
source = "registry+https://github.com/rust-lang/crates.io-index"
checksum = "d95a94854e420f07e962f7807485856cde359ab99ab6413883e15235ad996e8b"
dependencies = [
 "alloy-primitives",
 "alloy-rlp",
 "arrayvec",
 "derive_more",
 "nybbles",
 "serde",
 "smallvec",
 "tracing",
]

[[package]]
name = "arrayvec"
version = "0.7.6"
source = "registry+https://github.com/rust-lang/crates.io-index"
checksum = "7c02d123df017efcdfbd739ef81735b36c5ba83ec3c59c80a9d7ecc718f92e50"
dependencies = [
 "serde",
]

[[package]]
name = "auto_impl"
version = "1.2.1"
source = "registry+https://github.com/rust-lang/crates.io-index"
checksum = "e12882f59de5360c748c4cbf569a042d5fb0eb515f7bea9c1f470b47f6ffbd73"
dependencies = [
 "proc-macro2",
 "quote",
 "syn",
]

[[package]]
name = "autocfg"
version = "1.4.0"
source = "registry+https://github.com/rust-lang/crates.io-index"
checksum = "ace50bade8e6234aa140d9a2f552bbee1db4d353f69b8217bc503490fc1a9f26"

[[package]]
name = "bitflags"
version = "2.8.0"
source = "registry+https://github.com/rust-lang/crates.io-index"
checksum = "8f68f53c83ab957f72c32642f3868eec03eb974d1fb82e453128456482613d36"

[[package]]
name = "block-buffer"
version = "0.10.4"
source = "registry+https://github.com/rust-lang/crates.io-index"
checksum = "3078c7629b62d3f0439517fa394996acacc5cbc91c5a20d8c658e77abd503a71"
dependencies = [
 "generic-array",
]

[[package]]
name = "blst"
version = "0.3.13"
source = "registry+https://github.com/rust-lang/crates.io-index"
checksum = "4378725facc195f1a538864863f6de233b500a8862747e7f165078a419d5e874"
dependencies = [
 "cc",
 "glob",
 "threadpool",
 "zeroize",
]

[[package]]
name = "byteorder"
version = "1.5.0"
source = "registry+https://github.com/rust-lang/crates.io-index"
checksum = "1fd0f2584146f6f2ef48085050886acf353beff7305ebd1ae69500e27c67f64b"

[[package]]
name = "bytes"
version = "1.10.0"
source = "registry+https://github.com/rust-lang/crates.io-index"
checksum = "f61dac84819c6588b558454b194026eb1f09c293b9036ae9b159e74e73ab6cf9"
dependencies = [
 "serde",
]

[[package]]
name = "c-kzg"
version = "1.0.3"
source = "registry+https://github.com/rust-lang/crates.io-index"
checksum = "f0307f72feab3300336fb803a57134159f6e20139af1357f36c54cb90d8e8928"
dependencies = [
 "blst",
 "cc",
 "glob",
 "hex",
 "libc",
 "serde",
]

[[package]]
name = "cc"
version = "1.2.13"
source = "registry+https://github.com/rust-lang/crates.io-index"
checksum = "c7777341816418c02e033934a09f20dc0ccaf65a5201ef8a450ae0105a573fda"
dependencies = [
 "shlex",
]

[[package]]
name = "cfg-if"
version = "1.0.0"
source = "registry+https://github.com/rust-lang/crates.io-index"
checksum = "baf1de4339761588bc0619e3cbc0120ee582ebb74b53b4efbf79117bd2da40fd"

[[package]]
name = "const-hex"
version = "1.14.0"
source = "registry+https://github.com/rust-lang/crates.io-index"
checksum = "4b0485bab839b018a8f1723fc5391819fea5f8f0f32288ef8a735fd096b6160c"
dependencies = [
 "cfg-if",
 "cpufeatures",
 "hex",
 "proptest",
 "serde",
]

[[package]]
name = "cpufeatures"
version = "0.2.17"
source = "registry+https://github.com/rust-lang/crates.io-index"
checksum = "59ed5838eebb26a2bb2e58f6d5b5316989ae9d08bab10e0e6d103e656d1b0280"
dependencies = [
 "libc",
]

[[package]]
name = "crc"
version = "3.2.1"
source = "registry+https://github.com/rust-lang/crates.io-index"
checksum = "69e6e4d7b33a94f0991c26729976b10ebde1d34c3ee82408fb536164fa10d636"
dependencies = [
 "crc-catalog",
]

[[package]]
name = "crc-catalog"
version = "2.4.0"
source = "registry+https://github.com/rust-lang/crates.io-index"
checksum = "19d374276b40fb8bbdee95aef7c7fa6b5316ec764510eb64b8dd0e2ed0d7e7f5"

[[package]]
name = "crunchy"
version = "0.2.3"
source = "registry+https://github.com/rust-lang/crates.io-index"
checksum = "43da5946c66ffcc7745f48db692ffbb10a83bfe0afd96235c5c2a4fb23994929"

[[package]]
name = "crypto-common"
version = "0.1.6"
source = "registry+https://github.com/rust-lang/crates.io-index"
checksum = "1bfb12502f3fc46cca1bb51ac28df9d618d813cdc3d2f25b9fe775a34af26bb3"
dependencies = [
 "generic-array",
 "typenum",
]

[[package]]
name = "derive_more"
version = "1.0.0"
source = "registry+https://github.com/rust-lang/crates.io-index"
checksum = "4a9b99b9cbbe49445b21764dc0625032a89b145a2642e67603e1c936f5458d05"
dependencies = [
 "derive_more-impl",
]

[[package]]
name = "derive_more-impl"
version = "1.0.0"
source = "registry+https://github.com/rust-lang/crates.io-index"
checksum = "cb7330aeadfbe296029522e6c40f315320aba36fc43a5b3632f3795348f3bd22"
dependencies = [
 "proc-macro2",
 "quote",
 "syn",
 "unicode-xid",
]

[[package]]
name = "digest"
version = "0.10.7"
source = "registry+https://github.com/rust-lang/crates.io-index"
checksum = "9ed9a281f7bc9b7576e61468ba615a66a5c8cfdff42420a70aa82701a3b1e292"
dependencies = [
 "block-buffer",
 "crypto-common",
]

[[package]]
name = "dunce"
version = "1.0.5"
source = "registry+https://github.com/rust-lang/crates.io-index"
checksum = "92773504d58c093f6de2459af4af33faa518c13451eb8f2b5698ed3d36e7c813"

[[package]]
name = "either"
version = "1.13.0"
source = "registry+https://github.com/rust-lang/crates.io-index"
checksum = "60b1af1c220855b6ceac025d3f6ecdd2b7c4894bfe9cd9bda4fbb4bc7c0d4cf0"

[[package]]
name = "equivalent"
version = "1.0.1"
source = "registry+https://github.com/rust-lang/crates.io-index"
checksum = "5443807d6dff69373d433ab9ef5378ad8df50ca6298caf15de6e52e24aaf54d5"

[[package]]
name = "foldhash"
version = "0.1.4"
source = "registry+https://github.com/rust-lang/crates.io-index"
checksum = "a0d2fde1f7b3d48b8395d5f2de76c18a528bd6a9cdde438df747bfcba3e05d6f"

[[package]]
name = "generic-array"
version = "0.14.7"
source = "registry+https://github.com/rust-lang/crates.io-index"
checksum = "85649ca51fd72272d7821adaf274ad91c288277713d9c18820d8499a7ff69e9a"
dependencies = [
 "typenum",
 "version_check",
]

[[package]]
name = "getrandom"
version = "0.2.15"
source = "registry+https://github.com/rust-lang/crates.io-index"
checksum = "c4567c8db10ae91089c99af84c68c38da3ec2f087c3f82960bcdbf3656b6f4d7"
dependencies = [
 "cfg-if",
 "libc",
 "wasi",
]

[[package]]
name = "glob"
version = "0.3.2"
source = "registry+https://github.com/rust-lang/crates.io-index"
checksum = "a8d1add55171497b4705a648c6b583acafb01d58050a51727785f0b2c8e0a2b2"

[[package]]
name = "hashbrown"
version = "0.15.2"
source = "registry+https://github.com/rust-lang/crates.io-index"
checksum = "bf151400ff0baff5465007dd2f3e717f3fe502074ca563069ce3a6629d07b289"
dependencies = [
 "foldhash",
 "serde",
]

[[package]]
name = "heck"
version = "0.5.0"
source = "registry+https://github.com/rust-lang/crates.io-index"
checksum = "2304e00983f87ffb38b55b444b5e3b60a884b5d30c0fca7d82fe33449bbe55ea"

[[package]]
name = "hermit-abi"
version = "0.3.9"
source = "registry+https://github.com/rust-lang/crates.io-index"
checksum = "d231dfb89cfffdbc30e7fc41579ed6066ad03abda9e567ccafae602b97ec5024"

[[package]]
name = "hex"
version = "0.4.3"
source = "registry+https://github.com/rust-lang/crates.io-index"
checksum = "7f24254aa9a54b5c858eaee2f5bccdb46aaf0e486a595ed5fd8f86ba55232a70"
dependencies = [
 "serde",
]

[[package]]
name = "indexmap"
version = "2.7.1"
source = "registry+https://github.com/rust-lang/crates.io-index"
checksum = "8c9c992b02b5b4c94ea26e32fe5bccb7aa7d9f390ab5c1221ff895bc7ea8b652"
dependencies = [
 "equivalent",
 "hashbrown",
 "serde",
]

[[package]]
name = "itertools"
version = "0.13.0"
source = "registry+https://github.com/rust-lang/crates.io-index"
checksum = "413ee7dfc52ee1a4949ceeb7dbc8a33f2d6c088194d9f922fb8318faf1f01186"
dependencies = [
 "either",
]

[[package]]
name = "itoa"
version = "1.0.14"
source = "registry+https://github.com/rust-lang/crates.io-index"
checksum = "d75a2a4b1b190afb6f5425f10f6a8f959d2ea0b9c2b1d79553551850539e4674"

[[package]]
name = "libc"
version = "0.2.169"
source = "registry+https://github.com/rust-lang/crates.io-index"
checksum = "b5aba8db14291edd000dfcc4d620c7ebfb122c613afb886ca8803fa4e128a20a"

[[package]]
name = "memchr"
version = "2.7.4"
source = "registry+https://github.com/rust-lang/crates.io-index"
checksum = "78ca9ab1a0babb1e7d5695e3530886289c18cf2f87ec19a575a0abdce112e3a3"

[[package]]
name = "num-traits"
version = "0.2.19"
source = "registry+https://github.com/rust-lang/crates.io-index"
checksum = "071dfc062690e90b734c0b2273ce72ad0ffa95f0c74596bc250dcfd960262841"
dependencies = [
 "autocfg",
]

[[package]]
name = "num_cpus"
version = "1.16.0"
source = "registry+https://github.com/rust-lang/crates.io-index"
checksum = "4161fcb6d602d4d2081af7c3a45852d875a03dd337a6bfdd6e06407b61342a43"
dependencies = [
 "hermit-abi",
 "libc",
]

[[package]]
name = "nybbles"
version = "0.3.4"
source = "registry+https://github.com/rust-lang/crates.io-index"
checksum = "8983bb634df7248924ee0c4c3a749609b5abcb082c28fffe3254b3eb3602b307"
dependencies = [
 "const-hex",
 "serde",
 "smallvec",
]

[[package]]
name = "paste"
version = "1.0.15"
source = "registry+https://github.com/rust-lang/crates.io-index"
checksum = "57c0d7b74b563b49d38dae00a0c37d4d6de9b432382b2892f0574ddcae73fd0a"

[[package]]
name = "pin-project-lite"
version = "0.2.16"
source = "registry+https://github.com/rust-lang/crates.io-index"
checksum = "3b3cff922bd51709b605d9ead9aa71031d81447142d828eb4a6eba76fe619f9b"

[[package]]
name = "ppv-lite86"
version = "0.2.20"
source = "registry+https://github.com/rust-lang/crates.io-index"
checksum = "77957b295656769bb8ad2b6a6b09d897d94f05c41b069aede1fcdaa675eaea04"
dependencies = [
 "zerocopy",
]

[[package]]
name = "proc-macro-error-attr2"
version = "2.0.0"
source = "registry+https://github.com/rust-lang/crates.io-index"
checksum = "96de42df36bb9bba5542fe9f1a054b8cc87e172759a1868aa05c1f3acc89dfc5"
dependencies = [
 "proc-macro2",
 "quote",
]

[[package]]
name = "proc-macro-error2"
version = "2.0.1"
source = "registry+https://github.com/rust-lang/crates.io-index"
checksum = "11ec05c52be0a07b08061f7dd003e7d7092e0472bc731b4af7bb1ef876109802"
dependencies = [
 "proc-macro-error-attr2",
 "proc-macro2",
 "quote",
 "syn",
]

[[package]]
name = "proc-macro2"
version = "1.0.93"
source = "registry+https://github.com/rust-lang/crates.io-index"
checksum = "60946a68e5f9d28b0dc1c21bb8a97ee7d018a8b322fa57838ba31cc878e22d99"
dependencies = [
 "unicode-ident",
]

[[package]]
name = "proptest"
version = "1.6.0"
source = "registry+https://github.com/rust-lang/crates.io-index"
checksum = "14cae93065090804185d3b75f0bf93b8eeda30c7a9b4a33d3bdb3988d6229e50"
dependencies = [
 "bitflags",
 "num-traits",
 "rand",
 "rand_chacha",
 "rand_xorshift",
 "unarray",
]

[[package]]
name = "quote"
version = "1.0.38"
source = "registry+https://github.com/rust-lang/crates.io-index"
checksum = "0e4dccaaaf89514f546c693ddc140f729f958c247918a13380cccc6078391acc"
dependencies = [
 "proc-macro2",
]

[[package]]
name = "rand"
version = "0.8.5"
source = "registry+https://github.com/rust-lang/crates.io-index"
checksum = "34af8d1a0e25924bc5b7c43c079c942339d8f0a8b57c39049bef581b46327404"
dependencies = [
 "rand_core",
 "serde",
]

[[package]]
name = "rand_chacha"
version = "0.3.1"
source = "registry+https://github.com/rust-lang/crates.io-index"
checksum = "e6c10a63a0fa32252be49d21e7709d4d4baf8d231c2dbce1eaa8141b9b127d88"
dependencies = [
 "ppv-lite86",
 "rand_core",
]

[[package]]
name = "rand_core"
version = "0.6.4"
source = "registry+https://github.com/rust-lang/crates.io-index"
checksum = "ec0be4795e2f6a28069bec0b5ff3e2ac9bafc99e6a9a7dc3547996c5c816922c"
dependencies = [
 "getrandom",
]

[[package]]
name = "rand_xorshift"
version = "0.3.0"
source = "registry+https://github.com/rust-lang/crates.io-index"
checksum = "d25bf25ec5ae4a3f1b92f929810509a2f53d7dca2f50b794ff57e3face536c8f"
dependencies = [
 "rand_core",
]

[[package]]
name = "ruint"
version = "1.12.3"
source = "registry+https://github.com/rust-lang/crates.io-index"
checksum = "2c3cc4c2511671f327125da14133d0c5c5d137f006a1017a16f557bc85b16286"
dependencies = [
 "alloy-rlp",
 "proptest",
 "rand",
 "ruint-macro",
 "serde",
 "valuable",
 "zeroize",
]

[[package]]
name = "ruint-macro"
version = "1.2.1"
source = "registry+https://github.com/rust-lang/crates.io-index"
checksum = "48fd7bd8a6377e15ad9d42a8ec25371b94ddc67abe7c8b9127bec79bebaaae18"

[[package]]
name = "ryu"
version = "1.0.19"
source = "registry+https://github.com/rust-lang/crates.io-index"
checksum = "6ea1a2d0a644769cc99faa24c3ad26b379b786fe7c36fd3c546254801650e6dd"

[[package]]
name = "serde"
version = "1.0.217"
source = "registry+https://github.com/rust-lang/crates.io-index"
checksum = "02fc4265df13d6fa1d00ecff087228cc0a2b5f3c0e87e258d8b94a156e984c70"
dependencies = [
 "serde_derive",
]

[[package]]
name = "serde_derive"
version = "1.0.217"
source = "registry+https://github.com/rust-lang/crates.io-index"
checksum = "5a9bf7cf98d04a2b28aead066b7496853d4779c9cc183c440dbac457641e19a0"
dependencies = [
 "proc-macro2",
 "quote",
 "syn",
]

[[package]]
name = "serde_json"
version = "1.0.138"
source = "registry+https://github.com/rust-lang/crates.io-index"
checksum = "d434192e7da787e94a6ea7e9670b26a036d0ca41e0b7efb2676dd32bae872949"
dependencies = [
 "itoa",
 "memchr",
 "ryu",
 "serde",
]

[[package]]
name = "sha2"
version = "0.10.8"
source = "registry+https://github.com/rust-lang/crates.io-index"
checksum = "793db75ad2bcafc3ffa7c68b215fee268f537982cd901d132f89c6343f3a3dc8"
dependencies = [
 "cfg-if",
 "cpufeatures",
 "digest",
]

[[package]]
name = "shlex"
version = "1.3.0"
source = "registry+https://github.com/rust-lang/crates.io-index"
checksum = "0fda2ff0d084019ba4d7c6f371c95d8fd75ce3524c3cb8fb653a3023f6323e64"

[[package]]
name = "smallvec"
version = "1.13.2"
source = "registry+https://github.com/rust-lang/crates.io-index"
checksum = "3c5e1a9a646d36c3599cd173a41282daf47c44583ad367b8e6837255952e5c67"
dependencies = [
 "serde",
]

[[package]]
name = "syn"
version = "2.0.98"
source = "registry+https://github.com/rust-lang/crates.io-index"
checksum = "36147f1a48ae0ec2b5b3bc5b537d267457555a10dc06f3dbc8cb11ba3006d3b1"
dependencies = [
 "proc-macro2",
 "quote",
 "unicode-ident",
]

[[package]]
name = "syn-solidity"
version = "0.8.21"
source = "registry+https://github.com/rust-lang/crates.io-index"
checksum = "9c2de690018098e367beeb793991c7d4dc7270f42c9d2ac4ccc876c1368ca430"
dependencies = [
 "paste",
 "proc-macro2",
 "quote",
 "syn",
]

[[package]]
name = "thiserror"
version = "2.0.11"
source = "registry+https://github.com/rust-lang/crates.io-index"
checksum = "d452f284b73e6d76dd36758a0c8684b1d5be31f92b89d07fd5822175732206fc"
dependencies = [
 "thiserror-impl",
]

[[package]]
name = "thiserror-impl"
version = "2.0.11"
source = "registry+https://github.com/rust-lang/crates.io-index"
checksum = "26afc1baea8a989337eeb52b6e72a039780ce45c3edfcc9c5b9d112feeb173c2"
dependencies = [
 "proc-macro2",
 "quote",
 "syn",
]

[[package]]
name = "threadpool"
version = "1.8.1"
source = "registry+https://github.com/rust-lang/crates.io-index"
checksum = "d050e60b33d41c19108b32cea32164033a9013fe3b46cbd4457559bfbf77afaa"
dependencies = [
 "num_cpus",
]

[[package]]
name = "tiny-keccak"
version = "2.0.2"
source = "registry+https://github.com/rust-lang/crates.io-index"
checksum = "2c9d3793400a45f954c52e73d068316d76b6f4e36977e3fcebb13a2721e80237"
dependencies = [
 "crunchy",
]

[[package]]
name = "tracing"
version = "0.1.41"
source = "registry+https://github.com/rust-lang/crates.io-index"
checksum = "784e0ac535deb450455cbfa28a6f0df145ea1bb7ae51b821cf5e7927fdcfbdd0"
dependencies = [
 "pin-project-lite",
 "tracing-core",
]

[[package]]
name = "tracing-core"
version = "0.1.33"
source = "registry+https://github.com/rust-lang/crates.io-index"
checksum = "e672c95779cf947c5311f83787af4fa8fffd12fb27e4993211a84bdfd9610f9c"

[[package]]
name = "typenum"
version = "1.17.0"
source = "registry+https://github.com/rust-lang/crates.io-index"
checksum = "42ff0bf0c66b8238c6f3b578df37d0b7848e55df8577b3f74f92a69acceeb825"

[[package]]
name = "unarray"
version = "0.1.4"
source = "registry+https://github.com/rust-lang/crates.io-index"
checksum = "eaea85b334db583fe3274d12b4cd1880032beab409c0d774be044d4480ab9a94"

[[package]]
name = "unicode-ident"
version = "1.0.16"
source = "registry+https://github.com/rust-lang/crates.io-index"
checksum = "a210d160f08b701c8721ba1c726c11662f877ea6b7094007e1ca9a1041945034"

[[package]]
name = "unicode-xid"
version = "0.2.6"
source = "registry+https://github.com/rust-lang/crates.io-index"
checksum = "ebc1c04c71510c7f702b52b7c350734c9ff1295c464a03335b00bb84fc54f853"

[[package]]
name = "valuable"
version = "0.1.1"
source = "registry+https://github.com/rust-lang/crates.io-index"
checksum = "ba73ea9cf16a25df0c8caa16c51acb937d5712a8429db78a3ee29d5dcacd3a65"

[[package]]
name = "version_check"
version = "0.9.5"
source = "registry+https://github.com/rust-lang/crates.io-index"
checksum = "0b928f33d975fc6ad9f86c8f283853ad26bdd5b10b7f1542aa2fa15e2289105a"

[[package]]
name = "wasi"
version = "0.11.0+wasi-snapshot-preview1"
source = "registry+https://github.com/rust-lang/crates.io-index"
checksum = "9c8d87e72b64a3b4db28d11ce29237c246188f4f51057d65a7eab63b7987e423"

[[package]]
name = "zerocopy"
version = "0.7.35"
source = "registry+https://github.com/rust-lang/crates.io-index"
checksum = "1b9b4fd18abc82b8136838da5d50bae7bdea537c574d8dc1a34ed098d6c166f0"
dependencies = [
 "byteorder",
 "zerocopy-derive",
]

[[package]]
name = "zerocopy-derive"
version = "0.7.35"
source = "registry+https://github.com/rust-lang/crates.io-index"
checksum = "fa4f8080344d4671fb4e831a13ad1e68092748387dfc4f55e356242fae12ce3e"
dependencies = [
 "proc-macro2",
 "quote",
 "syn",
]

[[package]]
name = "zeroize"
version = "1.8.1"
source = "registry+https://github.com/rust-lang/crates.io-index"
checksum = "ced3678a2879b30306d323f4542626697a464a97c0a07c9aebf7ebca65cd4dde"
dependencies = [
 "zeroize_derive",
]

[[package]]
name = "zeroize_derive"
version = "1.4.2"
source = "registry+https://github.com/rust-lang/crates.io-index"
checksum = "ce36e65b0d2999d2aafac989fb249189a141aee1f53c612c1f37d72631959f69"
dependencies = [
 "proc-macro2",
 "quote",
 "syn",
]
